Microsoft Visual Studio Solution File, Format Version 12.00
#
Project("{FAE04EC0-301F-11D3-BF4B-00C04F79EFBC}") = "Unity.Services.Cli", "Unity.Services.Cli\Unity.Services.Cli.csproj", "{1769678D-069A-4775-9623-2DB8D61BF6A0}"
EndProject
Project("{FAE04EC0-301F-11D3-BF4B-00C04F79EFBC}") = "Unity.Services.Cli.Common", "Unity.Services.Cli.Common\Unity.Services.Cli.Common.csproj", "{3B145E3D-69FB-4462-97FB-4A125EF56A10}"
EndProject
Project("{FAE04EC0-301F-11D3-BF4B-00C04F79EFBC}") = "Unity.Services.Cli.Common.UnitTest", "Unity.Services.Cli.Common.UnitTest\Unity.Services.Cli.Common.UnitTest.csproj", "{F2C580EF-711C-4E9D-AE0A-5EDC7757552E}"
EndProject
Project("{FAE04EC0-301F-11D3-BF4B-00C04F79EFBC}") = "Unity.Services.Cli.Environment", "Unity.Services.Cli.Environment\Unity.Services.Cli.Environment.csproj", "{58CEF189-9FD6-4517-A265-8F5930F28FB7}"
EndProject
Project("{FAE04EC0-301F-11D3-BF4B-00C04F79EFBC}") = "Unity.Services.Cli.Environment.UnitTest", "Unity.Services.Cli.Environment.UnitTest\Unity.Services.Cli.Environment.UnitTest.csproj", "{D2E1ECFE-32CA-4B64-9D2C-4645E48FD387}"
EndProject
Project("{FAE04EC0-301F-11D3-BF4B-00C04F79EFBC}") = "Unity.Services.Cli.ServiceAccountAuthentication", "Unity.Services.Cli.ServiceAccountAuthentication\Unity.Services.Cli.ServiceAccountAuthentication.csproj", "{B7F0B333-803B-4D44-BBC7-04EA2DA0EFD0}"
EndProject
Project("{FAE04EC0-301F-11D3-BF4B-00C04F79EFBC}") = "Unity.Services.Cli.ServiceAccountAuthentication.UnitTest", "Unity.Services.Cli.ServiceAccountAuthentication.UnitTest\Unity.Services.Cli.ServiceAccountAuthentication.UnitTest.csproj", "{AADBC913-3502-4FF6-B569-E35255138507}"
EndProject
Project("{FAE04EC0-301F-11D3-BF4B-00C04F79EFBC}") = "Unity.Services.Cli.IntegrationTest", "Unity.Services.Cli.IntegrationTest\Unity.Services.Cli.IntegrationTest.csproj", "{03729100-ABA3-460D-A6D8-A80E02A041A2}"
EndProject
Project("{FAE04EC0-301F-11D3-BF4B-00C04F79EFBC}") = "Unity.Services.Cli.TestUtils", "Unity.Services.Cli.TestUtils\Unity.Services.Cli.TestUtils.csproj", "{029C4ADD-3D62-4AE6-9C31-A8D553E9A322}"
EndProject
Project("{FAE04EC0-301F-11D3-BF4B-00C04F79EFBC}") = "Unity.Services.Cli.CloudCode.UnitTest", "Unity.Services.Cli.CloudCode.UnitTest\Unity.Services.Cli.CloudCode.UnitTest.csproj", "{5502B796-568F-4936-A0AB-E0ED05CFEEC5}"
EndProject
Project("{FAE04EC0-301F-11D3-BF4B-00C04F79EFBC}") = "Unity.Services.Cli.CloudCode", "Unity.Services.Cli.CloudCode\Unity.Services.Cli.CloudCode.csproj", "{5CD73F71-DAAF-4839-B040-D3475E86BE6F}"
EndProject
Project("{FAE04EC0-301F-11D3-BF4B-00C04F79EFBC}") = "Unity.Services.Cli.RemoteConfig", "Unity.Services.Cli.RemoteConfig\Unity.Services.Cli.RemoteConfig.csproj", "{5754FBFE-D0CA-48C4-9D6A-00105F5DF879}"
EndProject
Project("{FAE04EC0-301F-11D3-BF4B-00C04F79EFBC}") = "Unity.Services.Cli.Lobby", "Unity.Services.Cli.Lobby\Unity.Services.Cli.Lobby.csproj", "{15BA5E71-9798-49D4-AE0B-715D9388BE9F}"
EndProject
Project("{FAE04EC0-301F-11D3-BF4B-00C04F79EFBC}") = "Unity.Services.Cli.Lobby.UnitTest", "Unity.Services.Cli.Lobby.UnitTest\Unity.Services.Cli.Lobby.UnitTest.csproj", "{50E3FBD8-DB4C-4198-B24C-948AD2DAA571}"
EndProject
Project("{FAE04EC0-301F-11D3-BF4B-00C04F79EFBC}") = "Unity.Services.Cli.GameServerHosting", "Unity.Services.Cli.GameServerHosting\Unity.Services.Cli.GameServerHosting.csproj", "{7FC4167A-B228-45DC-9D12-87EF16BBAAEB}"
EndProject
Project("{FAE04EC0-301F-11D3-BF4B-00C04F79EFBC}") = "Unity.Services.Cli.GameServerHosting.UnitTest", "Unity.Services.Cli.GameServerHosting.UnitTest\Unity.Services.Cli.GameServerHosting.UnitTest.csproj", "{734A360E-FEFC-447A-AD4F-621212EAA3ED}"
EndProject
Project("{FAE04EC0-301F-11D3-BF4B-00C04F79EFBC}") = "Unity.Services.Cli.Integration.MockServer", "Unity.Services.Cli.Integration.MockServer\Unity.Services.Cli.Integration.MockServer.csproj", "{92DBFB5E-BAD9-4852-9162-DA6B94CE6BF3}"
EndProject
Project("{FAE04EC0-301F-11D3-BF4B-00C04F79EFBC}") = "Unity.Services.Cli.Economy", "Unity.Services.Cli.Economy\Unity.Services.Cli.Economy.csproj", "{D7407658-661C-4B92-BE99-45904C9E0A36}"
EndProject
Project("{FAE04EC0-301F-11D3-BF4B-00C04F79EFBC}") = "Unity.Services.Cli.Economy.UnitTest", "Unity.Services.Cli.Economy.UnitTest\Unity.Services.Cli.Economy.UnitTest.csproj", "{90702BAE-C661-41E2-9596-511EB16067FB}"
EndProject
Project("{FAE04EC0-301F-11D3-BF4B-00C04F79EFBC}") = "Unity.Services.Cli.Leaderboards", "Unity.Services.Cli.Leaderboards\Unity.Services.Cli.Leaderboards.csproj", "{4C0810A8-3439-4DCD-8325-0E5F4D47DCC2}"
EndProject
Project("{FAE04EC0-301F-11D3-BF4B-00C04F79EFBC}") = "Unity.Services.Cli.Leaderboards.UnitTest", "Unity.Services.Cli.Leaderboards.UnitTest\Unity.Services.Cli.Leaderboards.UnitTest.csproj", "{64C6D8E5-4396-419A-94F6-2B221E9B7860}"
EndProject
EndProject
Project("{FAE04EC0-301F-11D3-BF4B-00C04F79EFBC}") = "Unity.Services.Cli.Authoring", "Unity.Services.Cli.Authoring\Unity.Services.Cli.Authoring.csproj", "{43B27EA4-45B0-4346-BBE9-920D090CF477}"
EndProject
Project("{FAE04EC0-301F-11D3-BF4B-00C04F79EFBC}") = "Unity.Services.Cli.Authoring.UnitTest", "Unity.Services.Cli.Authoring.UnitTest\Unity.Services.Cli.Authoring.UnitTest.csproj", "{55A7BF2B-3919-45A7-9B6F-7EAF6A81B047}"
EndProject
Project("{FAE04EC0-301F-11D3-BF4B-00C04F79EFBC}") = "Unity.Services.Cli.RemoteConfig.UnitTest", "Unity.Services.Cli.RemoteConfig.UnitTest\Unity.Services.Cli.RemoteConfig.UnitTest.csproj", "{F60B608F-8AED-4F6D-9853-C3A2D7CFA641}"
EndProject
Project("{FAE04EC0-301F-11D3-BF4B-00C04F79EFBC}") = "Unity.Services.ModuleTemplate.Authoring.Core", "Unity.Services.ModuleTemplate.Authoring.Core\Unity.Services.ModuleTemplate.Authoring.Core.csproj", "{08B0E479-D8CF-43B9-AB24-C3FF18452E98}"
EndProject
Project("{FAE04EC0-301F-11D3-BF4B-00C04F79EFBC}") = "Unity.Services.Cli.Access", "Unity.Services.Cli.Access\Unity.Services.Cli.Access.csproj", "{26EE370C-FB17-41C2-8AE8-215515900CC3}"
EndProject
Project("{FAE04EC0-301F-11D3-BF4B-00C04F79EFBC}") = "Unity.Services.Cli.Player", "Unity.Services.Cli.Player\Unity.Services.Cli.Player.csproj", "{93151F5A-F12D-47A1-AF9A-25A4D0717B53}"
EndProject
Project("{FAE04EC0-301F-11D3-BF4B-00C04F79EFBC}") = "Unity.Services.Cli.Player.UnitTest", "Unity.Services.Cli.Player.UnitTest\Unity.Services.Cli.Player.UnitTest.csproj", "{69027E29-64B6-4226-A893-12DAA4655557}"
EndProject
Project("{FAE04EC0-301F-11D3-BF4B-00C04F79EFBC}") = "Unity.Services.Cli.Access.UnitTest", "Unity.Services.Cli.Access.UnitTest\Unity.Services.Cli.Access.UnitTest.csproj", "{0ED3031A-86AB-4834-8641-8E948B02BB34}"
EndProject
Project("{2150E333-8FDC-42A3-9474-1A3956D46DE8}") = "Documentation", "Documentation", "{DE10F26A-15F3-4674-B555-E15650763DDE}"
	ProjectSection(SolutionItems) = preProject
		..\README.md = ..\README.md
		..\CHANGELOG.md = ..\CHANGELOG.md
	EndProjectSection
EndProject
Project("{FAE04EC0-301F-11D3-BF4B-00C04F79EFBC}") = "Unity.Services.Cli.Integration.MockServerApp", "Unity.Services.Cli.Integration.MockServerApp\Unity.Services.Cli.Integration.MockServerApp.csproj", "{27BBE31C-43CE-45AA-9DE4-BF3D097DC1A3}"
EndProject
Project("{FAE04EC0-301F-11D3-BF4B-00C04F79EFBC}") = "Unity.Services.Cli.CloudContentDelivery", "Unity.Services.Cli.CloudContentDelivery\Unity.Services.Cli.CloudContentDelivery.csproj", "{88AAA89D-F8E5-46CF-B1A8-E8B5AEB00D07}"
EndProject
Project("{FAE04EC0-301F-11D3-BF4B-00C04F79EFBC}") = "Unity.Services.CloudContentDelivery.Authoring.Core", "Unity.Services.CloudContentDelivery.Authoring.Core\Unity.Services.CloudContentDelivery.Authoring.Core.csproj", "{63F6A8B5-EAA7-462C-B9F3-B1AEADC09933}"
EndProject
Project("{2150E333-8FDC-42A3-9474-1A3956D46DE8}") = "Configuration", "Configuration", "{ECED14B5-7FD3-4C82-8417-3C6E4A0FC054}"
	ProjectSection(SolutionItems) = preProject
		features-definition.json = features-definition.json
	EndProjectSection
EndProject
Project("{FAE04EC0-301F-11D3-BF4B-00C04F79EFBC}") = "Unity.Services.Cli.Triggers", "Unity.Services.Cli.Triggers\Unity.Services.Cli.Triggers.csproj", "{C46FA417-CF83-4DBB-8B31-1C6156FB0D4D}"
EndProject
Project("{FAE04EC0-301F-11D3-BF4B-00C04F79EFBC}") = "Unity.Services.Triggers.Authoring.Core", "Unity.Services.Triggers.Authoring.Core\Unity.Services.Triggers.Authoring.Core.csproj", "{919387DC-82F4-4DF9-A8EC-E32CED4B3447}"
EndProject
Project("{FAE04EC0-301F-11D3-BF4B-00C04F79EFBC}") = "Unity.Services.Cli.Triggers.UnitTest", "Unity.Services.Cli.Triggers.UnitTest\Unity.Services.Cli.Triggers.UnitTest.csproj", "{BA3B69BA-FEF9-4F71-A73F-B4BE717CC392}"
EndProject
Project("{FAE04EC0-301F-11D3-BF4B-00C04F79EFBC}") = "Unity.Services.Cli.CloudContentDelivery.UnitTest", "Unity.Services.Cli.CloudContentDelivery.UnitTest\Unity.Services.Cli.CloudContentDelivery.UnitTest.csproj", "{025F0D8D-97A2-4698-87FA-7FB40FF1E515}"
EndProject
EndProject
EndProject
EndProject
Project("{FAE04EC0-301F-11D3-BF4B-00C04F79EFBC}") = "Unity.Services.Cli.Scheduler", "Unity.Services.Cli.Scheduler\Unity.Services.Cli.Scheduler.csproj", "{7BA75DA5-852E-4B13-AA6A-C79B7E268418}"
EndProject
Project("{FAE04EC0-301F-11D3-BF4B-00C04F79EFBC}") = "Unity.Services.Scheduler.Authoring.Core", "Unity.Services.Scheduler.Authoring.Core\Unity.Services.Scheduler.Authoring.Core.csproj", "{9ECC7DF3-EDA2-4036-B175-52073E43335A}"
EndProject
Project("{FAE04EC0-301F-11D3-BF4B-00C04F79EFBC}") = "Unity.Services.Cli.Scheduler.UnitTest", "Unity.Services.Cli.Scheduler.UnitTest\Unity.Services.Cli.Scheduler.UnitTest.csproj", "{D511207A-820C-4AA9-AF46-D76F1027F105}"
EndProject
Project("{2150E333-8FDC-42A3-9474-1A3956D46DE8}") = "Latest", "Latest", "{210148BF-92DB-4EC2-9C1D-DB10E8ED7BB4}"
EndProject
EndProject
Project("{2150E333-8FDC-42A3-9474-1A3956D46DE8}") = "Badges", "Badges", "{2BA93646-8046-4B05-BB54-39D3F8975DFA}"
	ProjectSection(SolutionItems) = preProject
		..\docs\ugs-cli\latest\cloud-content-delivery\Cloud Content Delivery Command Line\Commands\Badges\create.mdx = ..\docs\ugs-cli\latest\cloud-content-delivery\Cloud Content Delivery Command Line\Commands\Badges\create.mdx
		..\docs\ugs-cli\latest\cloud-content-delivery\Cloud Content Delivery Command Line\Commands\Badges\delete.mdx = ..\docs\ugs-cli\latest\cloud-content-delivery\Cloud Content Delivery Command Line\Commands\Badges\delete.mdx
		..\docs\ugs-cli\latest\cloud-content-delivery\Cloud Content Delivery Command Line\Commands\Badges\list.mdx = ..\docs\ugs-cli\latest\cloud-content-delivery\Cloud Content Delivery Command Line\Commands\Badges\list.mdx
	EndProjectSection
EndProject
Project("{2150E333-8FDC-42A3-9474-1A3956D46DE8}") = "Buckets", "Buckets", "{F63CC5ED-B3B8-4ACF-BB5F-72FAE0850134}"
	ProjectSection(SolutionItems) = preProject
		..\docs\ugs-cli\latest\cloud-content-delivery\Cloud Content Delivery Command Line\Commands\Buckets\create.mdx = ..\docs\ugs-cli\latest\cloud-content-delivery\Cloud Content Delivery Command Line\Commands\Buckets\create.mdx
		..\docs\ugs-cli\latest\cloud-content-delivery\Cloud Content Delivery Command Line\Commands\Buckets\delete.mdx = ..\docs\ugs-cli\latest\cloud-content-delivery\Cloud Content Delivery Command Line\Commands\Buckets\delete.mdx
		..\docs\ugs-cli\latest\cloud-content-delivery\Cloud Content Delivery Command Line\Commands\Buckets\info.mdx = ..\docs\ugs-cli\latest\cloud-content-delivery\Cloud Content Delivery Command Line\Commands\Buckets\info.mdx
		..\docs\ugs-cli\latest\cloud-content-delivery\Cloud Content Delivery Command Line\Commands\Buckets\list.mdx = ..\docs\ugs-cli\latest\cloud-content-delivery\Cloud Content Delivery Command Line\Commands\Buckets\list.mdx
		..\docs\ugs-cli\latest\cloud-content-delivery\Cloud Content Delivery Command Line\Commands\Buckets\permissions-update.mdx = ..\docs\ugs-cli\latest\cloud-content-delivery\Cloud Content Delivery Command Line\Commands\Buckets\permissions-update.mdx
	EndProjectSection
EndProject
Project("{2150E333-8FDC-42A3-9474-1A3956D46DE8}") = "Releases", "Releases", "{0FAACE60-269C-4269-939A-D7FB022276AE}"
	ProjectSection(SolutionItems) = preProject
		..\docs\ugs-cli\latest\cloud-content-delivery\Cloud Content Delivery Command Line\Commands\Releases\create.mdx = ..\docs\ugs-cli\latest\cloud-content-delivery\Cloud Content Delivery Command Line\Commands\Releases\create.mdx
		..\docs\ugs-cli\latest\cloud-content-delivery\Cloud Content Delivery Command Line\Commands\Releases\info.mdx = ..\docs\ugs-cli\latest\cloud-content-delivery\Cloud Content Delivery Command Line\Commands\Releases\info.mdx
		..\docs\ugs-cli\latest\cloud-content-delivery\Cloud Content Delivery Command Line\Commands\Releases\list.mdx = ..\docs\ugs-cli\latest\cloud-content-delivery\Cloud Content Delivery Command Line\Commands\Releases\list.mdx
		..\docs\ugs-cli\latest\cloud-content-delivery\Cloud Content Delivery Command Line\Commands\Releases\promote.mdx = ..\docs\ugs-cli\latest\cloud-content-delivery\Cloud Content Delivery Command Line\Commands\Releases\promote.mdx
		..\docs\ugs-cli\latest\cloud-content-delivery\Cloud Content Delivery Command Line\Commands\Releases\Promotions\status.mdx = ..\docs\ugs-cli\latest\cloud-content-delivery\Cloud Content Delivery Command Line\Commands\Releases\Promotions\status.mdx
		..\docs\ugs-cli\latest\cloud-content-delivery\Cloud Content Delivery Command Line\Commands\Releases\update.mdx = ..\docs\ugs-cli\latest\cloud-content-delivery\Cloud Content Delivery Command Line\Commands\Releases\update.mdx
	EndProjectSection
EndProject
Project("{2150E333-8FDC-42A3-9474-1A3956D46DE8}") = "Entries", "Entries", "{43EC69B3-778B-441D-82A8-1868530E2B15}"
	ProjectSection(SolutionItems) = preProject
		..\docs\ugs-cli\latest\cloud-content-delivery\Cloud Content Delivery Command Line\Commands\Entries\copy.mdx = ..\docs\ugs-cli\latest\cloud-content-delivery\Cloud Content Delivery Command Line\Commands\Entries\copy.mdx
		..\docs\ugs-cli\latest\cloud-content-delivery\Cloud Content Delivery Command Line\Commands\Entries\delete.mdx = ..\docs\ugs-cli\latest\cloud-content-delivery\Cloud Content Delivery Command Line\Commands\Entries\delete.mdx
		..\docs\ugs-cli\latest\cloud-content-delivery\Cloud Content Delivery Command Line\Commands\Entries\download.mdx = ..\docs\ugs-cli\latest\cloud-content-delivery\Cloud Content Delivery Command Line\Commands\Entries\download.mdx
		..\docs\ugs-cli\latest\cloud-content-delivery\Cloud Content Delivery Command Line\Commands\Entries\info.mdx = ..\docs\ugs-cli\latest\cloud-content-delivery\Cloud Content Delivery Command Line\Commands\Entries\info.mdx
		..\docs\ugs-cli\latest\cloud-content-delivery\Cloud Content Delivery Command Line\Commands\Entries\list.mdx = ..\docs\ugs-cli\latest\cloud-content-delivery\Cloud Content Delivery Command Line\Commands\Entries\list.mdx
		..\docs\ugs-cli\latest\cloud-content-delivery\Cloud Content Delivery Command Line\Commands\Entries\sync.mdx = ..\docs\ugs-cli\latest\cloud-content-delivery\Cloud Content Delivery Command Line\Commands\Entries\sync.mdx
		..\docs\ugs-cli\latest\cloud-content-delivery\Cloud Content Delivery Command Line\Commands\Entries\update.mdx = ..\docs\ugs-cli\latest\cloud-content-delivery\Cloud Content Delivery Command Line\Commands\Entries\update.mdx
	EndProjectSection
EndProject
Project("{2150E333-8FDC-42A3-9474-1A3956D46DE8}") = "CCD", "CCD", "{44AEB9D3-CDE4-4C0C-AE4E-07605839E89D}"
EndProject
EndProject
Global
	GlobalSection(SolutionConfigurationPlatforms) = preSolution
		Debug|Any CPU = Debug|Any CPU
		Release|Any CPU = Release|Any CPU
	EndGlobalSection
	GlobalSection(ProjectConfigurationPlatforms) = postSolution
		{1769678D-069A-4775-9623-2DB8D61BF6A0}.Debug|Any CPU.ActiveCfg = Debug|Any CPU
		{1769678D-069A-4775-9623-2DB8D61BF6A0}.Debug|Any CPU.Build.0 = Debug|Any CPU
		{1769678D-069A-4775-9623-2DB8D61BF6A0}.Release|Any CPU.ActiveCfg = Release|Any CPU
		{1769678D-069A-4775-9623-2DB8D61BF6A0}.Release|Any CPU.Build.0 = Release|Any CPU
		{3B145E3D-69FB-4462-97FB-4A125EF56A10}.Debug|Any CPU.ActiveCfg = Debug|Any CPU
		{3B145E3D-69FB-4462-97FB-4A125EF56A10}.Debug|Any CPU.Build.0 = Debug|Any CPU
		{3B145E3D-69FB-4462-97FB-4A125EF56A10}.Release|Any CPU.ActiveCfg = Release|Any CPU
		{3B145E3D-69FB-4462-97FB-4A125EF56A10}.Release|Any CPU.Build.0 = Release|Any CPU
		{F2C580EF-711C-4E9D-AE0A-5EDC7757552E}.Debug|Any CPU.ActiveCfg = Debug|Any CPU
		{F2C580EF-711C-4E9D-AE0A-5EDC7757552E}.Debug|Any CPU.Build.0 = Debug|Any CPU
		{F2C580EF-711C-4E9D-AE0A-5EDC7757552E}.Release|Any CPU.ActiveCfg = Release|Any CPU
		{F2C580EF-711C-4E9D-AE0A-5EDC7757552E}.Release|Any CPU.Build.0 = Release|Any CPU
		{58CEF189-9FD6-4517-A265-8F5930F28FB7}.Debug|Any CPU.ActiveCfg = Debug|Any CPU
		{58CEF189-9FD6-4517-A265-8F5930F28FB7}.Debug|Any CPU.Build.0 = Debug|Any CPU
		{58CEF189-9FD6-4517-A265-8F5930F28FB7}.Release|Any CPU.ActiveCfg = Release|Any CPU
		{58CEF189-9FD6-4517-A265-8F5930F28FB7}.Release|Any CPU.Build.0 = Release|Any CPU
		{D2E1ECFE-32CA-4B64-9D2C-4645E48FD387}.Debug|Any CPU.ActiveCfg = Debug|Any CPU
		{D2E1ECFE-32CA-4B64-9D2C-4645E48FD387}.Debug|Any CPU.Build.0 = Debug|Any CPU
		{D2E1ECFE-32CA-4B64-9D2C-4645E48FD387}.Release|Any CPU.ActiveCfg = Release|Any CPU
		{D2E1ECFE-32CA-4B64-9D2C-4645E48FD387}.Release|Any CPU.Build.0 = Release|Any CPU
		{B7F0B333-803B-4D44-BBC7-04EA2DA0EFD0}.Debug|Any CPU.ActiveCfg = Debug|Any CPU
		{B7F0B333-803B-4D44-BBC7-04EA2DA0EFD0}.Debug|Any CPU.Build.0 = Debug|Any CPU
		{B7F0B333-803B-4D44-BBC7-04EA2DA0EFD0}.Release|Any CPU.ActiveCfg = Release|Any CPU
		{B7F0B333-803B-4D44-BBC7-04EA2DA0EFD0}.Release|Any CPU.Build.0 = Release|Any CPU
		{AADBC913-3502-4FF6-B569-E35255138507}.Debug|Any CPU.ActiveCfg = Debug|Any CPU
		{AADBC913-3502-4FF6-B569-E35255138507}.Debug|Any CPU.Build.0 = Debug|Any CPU
		{AADBC913-3502-4FF6-B569-E35255138507}.Release|Any CPU.ActiveCfg = Release|Any CPU
		{AADBC913-3502-4FF6-B569-E35255138507}.Release|Any CPU.Build.0 = Release|Any CPU
		{03729100-ABA3-460D-A6D8-A80E02A041A2}.Debug|Any CPU.ActiveCfg = Debug|Any CPU
		{03729100-ABA3-460D-A6D8-A80E02A041A2}.Debug|Any CPU.Build.0 = Debug|Any CPU
		{03729100-ABA3-460D-A6D8-A80E02A041A2}.Release|Any CPU.ActiveCfg = Release|Any CPU
		{03729100-ABA3-460D-A6D8-A80E02A041A2}.Release|Any CPU.Build.0 = Release|Any CPU
		{029C4ADD-3D62-4AE6-9C31-A8D553E9A322}.Debug|Any CPU.ActiveCfg = Debug|Any CPU
		{029C4ADD-3D62-4AE6-9C31-A8D553E9A322}.Debug|Any CPU.Build.0 = Debug|Any CPU
		{029C4ADD-3D62-4AE6-9C31-A8D553E9A322}.Release|Any CPU.ActiveCfg = Release|Any CPU
		{029C4ADD-3D62-4AE6-9C31-A8D553E9A322}.Release|Any CPU.Build.0 = Release|Any CPU
		{5502B796-568F-4936-A0AB-E0ED05CFEEC5}.Debug|Any CPU.ActiveCfg = Debug|Any CPU
		{5502B796-568F-4936-A0AB-E0ED05CFEEC5}.Debug|Any CPU.Build.0 = Debug|Any CPU
		{5502B796-568F-4936-A0AB-E0ED05CFEEC5}.Release|Any CPU.ActiveCfg = Release|Any CPU
		{5502B796-568F-4936-A0AB-E0ED05CFEEC5}.Release|Any CPU.Build.0 = Release|Any CPU
		{5CD73F71-DAAF-4839-B040-D3475E86BE6F}.Debug|Any CPU.ActiveCfg = Debug|Any CPU
		{5CD73F71-DAAF-4839-B040-D3475E86BE6F}.Debug|Any CPU.Build.0 = Debug|Any CPU
		{5CD73F71-DAAF-4839-B040-D3475E86BE6F}.Release|Any CPU.ActiveCfg = Release|Any CPU
		{5CD73F71-DAAF-4839-B040-D3475E86BE6F}.Release|Any CPU.Build.0 = Release|Any CPU
		{5754FBFE-D0CA-48C4-9D6A-00105F5DF879}.Debug|Any CPU.ActiveCfg = Debug|Any CPU
		{5754FBFE-D0CA-48C4-9D6A-00105F5DF879}.Debug|Any CPU.Build.0 = Debug|Any CPU
		{5754FBFE-D0CA-48C4-9D6A-00105F5DF879}.Release|Any CPU.ActiveCfg = Release|Any CPU
		{5754FBFE-D0CA-48C4-9D6A-00105F5DF879}.Release|Any CPU.Build.0 = Release|Any CPU
		{15BA5E71-9798-49D4-AE0B-715D9388BE9F}.Debug|Any CPU.ActiveCfg = Debug|Any CPU
		{15BA5E71-9798-49D4-AE0B-715D9388BE9F}.Debug|Any CPU.Build.0 = Debug|Any CPU
		{15BA5E71-9798-49D4-AE0B-715D9388BE9F}.Release|Any CPU.ActiveCfg = Release|Any CPU
		{15BA5E71-9798-49D4-AE0B-715D9388BE9F}.Release|Any CPU.Build.0 = Release|Any CPU
		{50E3FBD8-DB4C-4198-B24C-948AD2DAA571}.Debug|Any CPU.ActiveCfg = Debug|Any CPU
		{50E3FBD8-DB4C-4198-B24C-948AD2DAA571}.Debug|Any CPU.Build.0 = Debug|Any CPU
		{50E3FBD8-DB4C-4198-B24C-948AD2DAA571}.Release|Any CPU.ActiveCfg = Release|Any CPU
		{50E3FBD8-DB4C-4198-B24C-948AD2DAA571}.Release|Any CPU.Build.0 = Release|Any CPU
		{7FC4167A-B228-45DC-9D12-87EF16BBAAEB}.Debug|Any CPU.ActiveCfg = Debug|Any CPU
		{7FC4167A-B228-45DC-9D12-87EF16BBAAEB}.Debug|Any CPU.Build.0 = Debug|Any CPU
		{7FC4167A-B228-45DC-9D12-87EF16BBAAEB}.Release|Any CPU.ActiveCfg = Release|Any CPU
		{7FC4167A-B228-45DC-9D12-87EF16BBAAEB}.Release|Any CPU.Build.0 = Release|Any CPU
		{734A360E-FEFC-447A-AD4F-621212EAA3ED}.Debug|Any CPU.ActiveCfg = Debug|Any CPU
		{734A360E-FEFC-447A-AD4F-621212EAA3ED}.Debug|Any CPU.Build.0 = Debug|Any CPU
		{734A360E-FEFC-447A-AD4F-621212EAA3ED}.Release|Any CPU.ActiveCfg = Release|Any CPU
		{734A360E-FEFC-447A-AD4F-621212EAA3ED}.Release|Any CPU.Build.0 = Release|Any CPU
		{92DBFB5E-BAD9-4852-9162-DA6B94CE6BF3}.Debug|Any CPU.ActiveCfg = Debug|Any CPU
		{92DBFB5E-BAD9-4852-9162-DA6B94CE6BF3}.Debug|Any CPU.Build.0 = Debug|Any CPU
		{92DBFB5E-BAD9-4852-9162-DA6B94CE6BF3}.Release|Any CPU.ActiveCfg = Release|Any CPU
		{92DBFB5E-BAD9-4852-9162-DA6B94CE6BF3}.Release|Any CPU.Build.0 = Release|Any CPU
		{D7407658-661C-4B92-BE99-45904C9E0A36}.Debug|Any CPU.ActiveCfg = Debug|Any CPU
		{D7407658-661C-4B92-BE99-45904C9E0A36}.Debug|Any CPU.Build.0 = Debug|Any CPU
		{D7407658-661C-4B92-BE99-45904C9E0A36}.Release|Any CPU.ActiveCfg = Release|Any CPU
		{D7407658-661C-4B92-BE99-45904C9E0A36}.Release|Any CPU.Build.0 = Release|Any CPU
		{90702BAE-C661-41E2-9596-511EB16067FB}.Debug|Any CPU.ActiveCfg = Debug|Any CPU
		{90702BAE-C661-41E2-9596-511EB16067FB}.Debug|Any CPU.Build.0 = Debug|Any CPU
		{90702BAE-C661-41E2-9596-511EB16067FB}.Release|Any CPU.ActiveCfg = Release|Any CPU
		{90702BAE-C661-41E2-9596-511EB16067FB}.Release|Any CPU.Build.0 = Release|Any CPU
		{4C0810A8-3439-4DCD-8325-0E5F4D47DCC2}.Debug|Any CPU.ActiveCfg = Debug|Any CPU
		{4C0810A8-3439-4DCD-8325-0E5F4D47DCC2}.Debug|Any CPU.Build.0 = Debug|Any CPU
		{4C0810A8-3439-4DCD-8325-0E5F4D47DCC2}.Release|Any CPU.ActiveCfg = Release|Any CPU
		{4C0810A8-3439-4DCD-8325-0E5F4D47DCC2}.Release|Any CPU.Build.0 = Release|Any CPU
		{64C6D8E5-4396-419A-94F6-2B221E9B7860}.Debug|Any CPU.ActiveCfg = Debug|Any CPU
		{64C6D8E5-4396-419A-94F6-2B221E9B7860}.Debug|Any CPU.Build.0 = Debug|Any CPU
		{64C6D8E5-4396-419A-94F6-2B221E9B7860}.Release|Any CPU.ActiveCfg = Release|Any CPU
		{64C6D8E5-4396-419A-94F6-2B221E9B7860}.Release|Any CPU.Build.0 = Release|Any CPU
		{43B27EA4-45B0-4346-BBE9-920D090CF477}.Debug|Any CPU.ActiveCfg = Debug|Any CPU
		{43B27EA4-45B0-4346-BBE9-920D090CF477}.Debug|Any CPU.Build.0 = Debug|Any CPU
		{43B27EA4-45B0-4346-BBE9-920D090CF477}.Release|Any CPU.ActiveCfg = Release|Any CPU
		{43B27EA4-45B0-4346-BBE9-920D090CF477}.Release|Any CPU.Build.0 = Release|Any CPU
		{55A7BF2B-3919-45A7-9B6F-7EAF6A81B047}.Debug|Any CPU.ActiveCfg = Debug|Any CPU
		{55A7BF2B-3919-45A7-9B6F-7EAF6A81B047}.Debug|Any CPU.Build.0 = Debug|Any CPU
		{55A7BF2B-3919-45A7-9B6F-7EAF6A81B047}.Release|Any CPU.ActiveCfg = Release|Any CPU
		{55A7BF2B-3919-45A7-9B6F-7EAF6A81B047}.Release|Any CPU.Build.0 = Release|Any CPU
		{F60B608F-8AED-4F6D-9853-C3A2D7CFA641}.Debug|Any CPU.ActiveCfg = Debug|Any CPU
		{F60B608F-8AED-4F6D-9853-C3A2D7CFA641}.Debug|Any CPU.Build.0 = Debug|Any CPU
		{F60B608F-8AED-4F6D-9853-C3A2D7CFA641}.Release|Any CPU.ActiveCfg = Release|Any CPU
		{F60B608F-8AED-4F6D-9853-C3A2D7CFA641}.Release|Any CPU.Build.0 = Release|Any CPU
		{08B0E479-D8CF-43B9-AB24-C3FF18452E98}.Debug|Any CPU.ActiveCfg = Debug|Any CPU
		{08B0E479-D8CF-43B9-AB24-C3FF18452E98}.Debug|Any CPU.Build.0 = Debug|Any CPU
		{08B0E479-D8CF-43B9-AB24-C3FF18452E98}.Release|Any CPU.ActiveCfg = Release|Any CPU
		{08B0E479-D8CF-43B9-AB24-C3FF18452E98}.Release|Any CPU.Build.0 = Release|Any CPU
		{93151F5A-F12D-47A1-AF9A-25A4D0717B53}.Debug|Any CPU.ActiveCfg = Debug|Any CPU
		{93151F5A-F12D-47A1-AF9A-25A4D0717B53}.Debug|Any CPU.Build.0 = Debug|Any CPU
		{93151F5A-F12D-47A1-AF9A-25A4D0717B53}.Release|Any CPU.ActiveCfg = Release|Any CPU
		{93151F5A-F12D-47A1-AF9A-25A4D0717B53}.Release|Any CPU.Build.0 = Release|Any CPU
		{69027E29-64B6-4226-A893-12DAA4655557}.Debug|Any CPU.ActiveCfg = Debug|Any CPU
		{69027E29-64B6-4226-A893-12DAA4655557}.Debug|Any CPU.Build.0 = Debug|Any CPU
		{69027E29-64B6-4226-A893-12DAA4655557}.Release|Any CPU.ActiveCfg = Release|Any CPU
		{69027E29-64B6-4226-A893-12DAA4655557}.Release|Any CPU.Build.0 = Release|Any CPU
		{0ED3031A-86AB-4834-8641-8E948B02BB34}.Debug|Any CPU.ActiveCfg = Debug|Any CPU
		{0ED3031A-86AB-4834-8641-8E948B02BB34}.Debug|Any CPU.Build.0 = Debug|Any CPU
		{0ED3031A-86AB-4834-8641-8E948B02BB34}.Release|Any CPU.ActiveCfg = Release|Any CPU
		{0ED3031A-86AB-4834-8641-8E948B02BB34}.Release|Any CPU.Build.0 = Release|Any CPU
		{26EE370C-FB17-41C2-8AE8-215515900CC3}.Debug|Any CPU.ActiveCfg = Debug|Any CPU
		{26EE370C-FB17-41C2-8AE8-215515900CC3}.Debug|Any CPU.Build.0 = Debug|Any CPU
		{27BBE31C-43CE-45AA-9DE4-BF3D097DC1A3}.Debug|Any CPU.ActiveCfg = Debug|Any CPU
		{27BBE31C-43CE-45AA-9DE4-BF3D097DC1A3}.Debug|Any CPU.Build.0 = Debug|Any CPU
		{27BBE31C-43CE-45AA-9DE4-BF3D097DC1A3}.Release|Any CPU.ActiveCfg = Release|Any CPU
		{27BBE31C-43CE-45AA-9DE4-BF3D097DC1A3}.Release|Any CPU.Build.0 = Release|Any CPU
		{88AAA89D-F8E5-46CF-B1A8-E8B5AEB00D07}.Debug|Any CPU.ActiveCfg = Debug|Any CPU
		{88AAA89D-F8E5-46CF-B1A8-E8B5AEB00D07}.Debug|Any CPU.Build.0 = Debug|Any CPU
		{88AAA89D-F8E5-46CF-B1A8-E8B5AEB00D07}.Release|Any CPU.ActiveCfg = Release|Any CPU
		{88AAA89D-F8E5-46CF-B1A8-E8B5AEB00D07}.Release|Any CPU.Build.0 = Release|Any CPU
		{63F6A8B5-EAA7-462C-B9F3-B1AEADC09933}.Debug|Any CPU.ActiveCfg = Debug|Any CPU
		{63F6A8B5-EAA7-462C-B9F3-B1AEADC09933}.Debug|Any CPU.Build.0 = Debug|Any CPU
		{63F6A8B5-EAA7-462C-B9F3-B1AEADC09933}.Release|Any CPU.ActiveCfg = Release|Any CPU
		{63F6A8B5-EAA7-462C-B9F3-B1AEADC09933}.Release|Any CPU.Build.0 = Release|Any CPU
		{829A8ADF-6608-48B2-B7E5-47DFADB991ED}.Debug|Any CPU.ActiveCfg = Debug|Any CPU
		{829A8ADF-6608-48B2-B7E5-47DFADB991ED}.Debug|Any CPU.Build.0 = Debug|Any CPU
		{829A8ADF-6608-48B2-B7E5-47DFADB991ED}.Release|Any CPU.ActiveCfg = Release|Any CPU
		{829A8ADF-6608-48B2-B7E5-47DFADB991ED}.Release|Any CPU.Build.0 = Release|Any CPU
		{C46FA417-CF83-4DBB-8B31-1C6156FB0D4D}.Debug|Any CPU.ActiveCfg = Debug|Any CPU
		{C46FA417-CF83-4DBB-8B31-1C6156FB0D4D}.Debug|Any CPU.Build.0 = Debug|Any CPU
		{C46FA417-CF83-4DBB-8B31-1C6156FB0D4D}.Release|Any CPU.ActiveCfg = Release|Any CPU
		{C46FA417-CF83-4DBB-8B31-1C6156FB0D4D}.Release|Any CPU.Build.0 = Release|Any CPU
		{919387DC-82F4-4DF9-A8EC-E32CED4B3447}.Debug|Any CPU.ActiveCfg = Debug|Any CPU
		{919387DC-82F4-4DF9-A8EC-E32CED4B3447}.Debug|Any CPU.Build.0 = Debug|Any CPU
		{919387DC-82F4-4DF9-A8EC-E32CED4B3447}.Release|Any CPU.ActiveCfg = Release|Any CPU
		{919387DC-82F4-4DF9-A8EC-E32CED4B3447}.Release|Any CPU.Build.0 = Release|Any CPU
		{BA3B69BA-FEF9-4F71-A73F-B4BE717CC392}.Debug|Any CPU.ActiveCfg = Debug|Any CPU
		{BA3B69BA-FEF9-4F71-A73F-B4BE717CC392}.Debug|Any CPU.Build.0 = Debug|Any CPU
		{BA3B69BA-FEF9-4F71-A73F-B4BE717CC392}.Release|Any CPU.ActiveCfg = Release|Any CPU
		{BA3B69BA-FEF9-4F71-A73F-B4BE717CC392}.Release|Any CPU.Build.0 = Release|Any CPU
		{D8E319B8-E411-4A68-B2EA-39D3B65C745C}.Debug|Any CPU.ActiveCfg = Debug|Any CPU
		{D8E319B8-E411-4A68-B2EA-39D3B65C745C}.Debug|Any CPU.Build.0 = Debug|Any CPU
		{D8E319B8-E411-4A68-B2EA-39D3B65C745C}.Release|Any CPU.ActiveCfg = Release|Any CPU
		{D8E319B8-E411-4A68-B2EA-39D3B65C745C}.Release|Any CPU.Build.0 = Release|Any CPU
		{025F0D8D-97A2-4698-87FA-7FB40FF1E515}.Debug|Any CPU.ActiveCfg = Debug|Any CPU
		{025F0D8D-97A2-4698-87FA-7FB40FF1E515}.Debug|Any CPU.Build.0 = Debug|Any CPU
		{025F0D8D-97A2-4698-87FA-7FB40FF1E515}.Release|Any CPU.ActiveCfg = Release|Any CPU
		{025F0D8D-97A2-4698-87FA-7FB40FF1E515}.Release|Any CPU.Build.0 = Release|Any CPU
		{7BA75DA5-852E-4B13-AA6A-C79B7E268418}.Debug|Any CPU.ActiveCfg = Debug|Any CPU
		{7BA75DA5-852E-4B13-AA6A-C79B7E268418}.Debug|Any CPU.Build.0 = Debug|Any CPU
		{7BA75DA5-852E-4B13-AA6A-C79B7E268418}.Release|Any CPU.ActiveCfg = Release|Any CPU
		{7BA75DA5-852E-4B13-AA6A-C79B7E268418}.Release|Any CPU.Build.0 = Release|Any CPU
		{9ECC7DF3-EDA2-4036-B175-52073E43335A}.Debug|Any CPU.ActiveCfg = Debug|Any CPU
		{9ECC7DF3-EDA2-4036-B175-52073E43335A}.Debug|Any CPU.Build.0 = Debug|Any CPU
		{9ECC7DF3-EDA2-4036-B175-52073E43335A}.Release|Any CPU.ActiveCfg = Release|Any CPU
		{9ECC7DF3-EDA2-4036-B175-52073E43335A}.Release|Any CPU.Build.0 = Release|Any CPU
		{D511207A-820C-4AA9-AF46-D76F1027F105}.Debug|Any CPU.ActiveCfg = Debug|Any CPU
		{D511207A-820C-4AA9-AF46-D76F1027F105}.Debug|Any CPU.Build.0 = Debug|Any CPU
		{D511207A-820C-4AA9-AF46-D76F1027F105}.Release|Any CPU.ActiveCfg = Release|Any CPU
		{D511207A-820C-4AA9-AF46-D76F1027F105}.Release|Any CPU.Build.0 = Release|Any CPU
		{77576293-7E51-4A9C-8DDA-F2D75C8C59ED}.Debug|Any CPU.ActiveCfg = Debug|Any CPU
		{77576293-7E51-4A9C-8DDA-F2D75C8C59ED}.Debug|Any CPU.Build.0 = Debug|Any CPU
		{77576293-7E51-4A9C-8DDA-F2D75C8C59ED}.Release|Any CPU.ActiveCfg = Release|Any CPU
		{77576293-7E51-4A9C-8DDA-F2D75C8C59ED}.Release|Any CPU.Build.0 = Release|Any CPU
	EndGlobalSection
	GlobalSection(NestedProjects) = preSolution
		{44AEB9D3-CDE4-4C0C-AE4E-07605839E89D} = {210148BF-92DB-4EC2-9C1D-DB10E8ED7BB4}
		{43EC69B3-778B-441D-82A8-1868530E2B15} = {44AEB9D3-CDE4-4C0C-AE4E-07605839E89D}
		{0FAACE60-269C-4269-939A-D7FB022276AE} = {44AEB9D3-CDE4-4C0C-AE4E-07605839E89D}
		{F63CC5ED-B3B8-4ACF-BB5F-72FAE0850134} = {44AEB9D3-CDE4-4C0C-AE4E-07605839E89D}
		{2BA93646-8046-4B05-BB54-39D3F8975DFA} = {44AEB9D3-CDE4-4C0C-AE4E-07605839E89D}
	EndGlobalSection
EndGlobal
